
Microsoft Visual Studio Solution File, Format Version 12.00
# Visual Studio Version 16
VisualStudioVersion = 16.0.31702.278
MinimumVisualStudioVersion = 10.0.40219.1
Project("{8BC9CEB8-8B4A-11D0-8D11-00A0C91BC942}") = "strcat", "strcat\strcat.vcxproj", "{6CD12459-BF36-4CD8-8DE1-2EB27234C59E}"
EndProject
Project("{8BC9CEB8-8B4A-11D0-8D11-00A0C91BC942}") = "invert", "invert\invert.vcxproj", "{AF96AEF1-B0DC-4ECF-8432-8FD47ECF38FD}"
EndProject
Project("{8BC9CEB8-8B4A-11D0-8D11-00A0C91BC942}") = "caps_string", "caps_string\caps_string.vcxproj", "{3DD26252-B690-47AF-87B5-21025B64CA31}"
EndProject
Global
	GlobalSection(SolutionConfigurationPlatforms) = preSolution
		Debug|x64 = Debug|x64
		Debug|x86 = Debug|x86
		Release|x64 = Release|x64
		Release|x86 = Release|x86
	EndGlobalSection
	GlobalSection(ProjectConfigurationPlatforms) = postSolution
		{6CD12459-BF36-4CD8-8DE1-2EB27234C59E}.Debug|x64.ActiveCfg = Debug|x64
		{6CD12459-BF36-4CD8-8DE1-2EB27234C59E}.Debug|x64.Build.0 = Debug|x64
		{6CD12459-BF36-4CD8-8DE1-2EB27234C59E}.Debug|x86.ActiveCfg = Debug|Win32
		{6CD12459-BF36-4CD8-8DE1-2EB27234C59E}.Debug|x86.Build.0 = Debug|Win32
		{6CD12459-BF36-4CD8-8DE1-2EB27234C59E}.Release|x64.ActiveCfg = Release|x64
		{6CD12459-BF36-4CD8-8DE1-2EB27234C59E}.Release|x64.Build.0 = Release|x64
		{6CD12459-BF36-4CD8-8DE1-2EB27234C59E}.Release|x86.ActiveCfg = Release|Win32
		{6CD12459-BF36-4CD8-8DE1-2EB27234C59E}.Release|x86.Build.0 = Release|Win32
		{AF96AEF1-B0DC-4ECF-8432-8FD47ECF38FD}.Debug|x64.ActiveCfg = Debug|x64
		{AF96AEF1-B0DC-4ECF-8432-8FD47ECF38FD}.Debug|x64.Build.0 = Debug|x64
		{AF96AEF1-B0DC-4ECF-8432-8FD47ECF38FD}.Debug|x86.ActiveCfg = Debug|Win32
		{AF96AEF1-B0DC-4ECF-8432-8FD47ECF38FD}.Debug|x86.Build.0 = Debug|Win32
		{AF96AEF1-B0DC-4ECF-8432-8FD47ECF38FD}.Release|x64.ActiveCfg = Release|x64
		{AF96AEF1-B0DC-4ECF-8432-8FD47ECF38FD}.Release|x64.Build.0 = Release|x64
		{AF96AEF1-B0DC-4ECF-8432-8FD47ECF38FD}.Release|x86.ActiveCfg = Release|Win32
		{AF96AEF1-B0DC-4ECF-8432-8FD47ECF38FD}.Release|x86.Build.0 = Release|Win32
		{3DD26252-B690-47AF-87B5-21025B64CA31}.Debug|x64.ActiveCfg = Debug|x64
		{3DD26252-B690-47AF-87B5-21025B64CA31}.Debug|x64.Build.0 = Debug|x64
		{3DD26252-B690-47AF-87B5-21025B64CA31}.Debug|x86.ActiveCfg = Debug|Win32
		{3DD26252-B690-47AF-87B5-21025B64CA31}.Debug|x86.Build.0 = Debug|Win32
		{3DD26252-B690-47AF-87B5-21025B64CA31}.Release|x64.ActiveCfg = Release|x64
		{3DD26252-B690-47AF-87B5-21025B64CA31}.Release|x64.Build.0 = Release|x64
		{3DD26252-B690-47AF-87B5-21025B64CA31}.Release|x86.ActiveCfg = Release|Win32
		{3DD26252-B690-47AF-87B5-21025B64CA31}.Release|x86.Build.0 = Release|Win32
	EndGlobalSection
	GlobalSection(SolutionProperties) = preSolution
		HideSolutionNode = FALSE
	EndGlobalSection
	GlobalSection(ExtensibilityGlobals) = postSolution
		SolutionGuid = {63538AEB-4328-4E0B-BF08-50294774A1A6}
	EndGlobalSection
EndGlobal
